# THIS IS AN AUTOGENERATED FILE. DO NOT EDIT THIS FILE DIRECTLY.
# yarn lockfile v1


"@types/immutable@^3.8.7":
  version "3.8.7"
  resolved "https://registry.yarnpkg.com/@types/immutable/-/immutable-3.8.7.tgz#536d33d30f3f3d9a6d4642a219419fd82af633fb"
  integrity sha1-U20z0w8/PZptRkKiGUGf2Cr2M/s=
  dependencies:
    immutable "*"

"@types/node@^10.12.10":
  version "10.12.10"
  resolved "https://registry.yarnpkg.com/@types/node/-/node-10.12.10.tgz#4fa76e6598b7de3f0cb6ec3abacc4f59e5b3a2ce"
  integrity sha512-8xZEYckCbUVgK8Eg7lf5Iy4COKJ5uXlnIOnePN0WUwSQggy9tolM+tDJf7wMOnT/JT/W9xDYIaYggt3mRV2O5w==

immutable@*:
  version "3.8.2"
  resolved "https://registry.yarnpkg.com/immutable/-/immutable-3.8.2.tgz#c2439951455bb39913daf281376f1530e104adf3"
  integrity sha1-wkOZUUVbs5kT2vKBN28VMOEErfM=
